
Microsoft Visual Studio Solution File, Format Version 12.00
# Visual Studio Version 17
VisualStudioVersion = 17.6.33723.286
MinimumVisualStudioVersion = 10.0.40219.1
Project("{FAE04EC0-301F-11D3-BF4B-00C04F79EFBC}") = "NewLynn GymDb", "NewLynn GymDb\NewLynn GymDb.csproj", "{266B61D9-450A-4FBB-8D63-57B1FB4FB8CA}"
EndProject
Global
	GlobalSection(SolutionConfigurationPlatforms) = preSolution
		Debug|Any CPU = Debug|Any CPU
		Release|Any CPU = Release|Any CPU
	EndGlobalSection
	GlobalSection(ProjectConfigurationPlatforms) = postSolution
		{266B61D9-450A-4FBB-8D63-57B1FB4FB8CA}.Debug|Any CPU.ActiveCfg = Debug|Any CPU
		{266B61D9-450A-4FBB-8D63-57B1FB4FB8CA}.Debug|Any CPU.Build.0 = Debug|Any CPU
		{266B61D9-450A-4FBB-8D63-57B1FB4FB8CA}.Release|Any CPU.ActiveCfg = Release|Any CPU
		{266B61D9-450A-4FBB-8D63-57B1FB4FB8CA}.Release|Any CPU.Build.0 = Release|Any CPU
	EndGlobalSection
	GlobalSection(SolutionProperties) = preSolution
		HideSolutionNode = FALSE
	EndGlobalSection
	GlobalSection(ExtensibilityGlobals) = postSolution
		SolutionGuid = {E8D80C95-72D6-4C65-9492-6E3CB34C0128}
	EndGlobalSection
EndGlobal
